
Microsoft Visual Studio Solution File, Format Version 12.00
# Visual Studio Version 17
VisualStudioVersion = 17.11.35208.52
MinimumVisualStudioVersion = 10.0.40219.1
Project("{FAE04EC0-301F-11D3-BF4B-00C04F79EFBC}") = "ICICBANKING_ACCOUNTS", "ICICBANKING_ACCOUNTS\ICICBANKING_ACCOUNTS.csproj", "{A1142EB7-3E47-4E84-B91B-066205E88089}"
EndProject
Global
	GlobalSection(SolutionConfigurationPlatforms) = preSolution
		Debug|Any CPU = Debug|Any CPU
		Release|Any CPU = Release|Any CPU
	EndGlobalSection
	GlobalSection(ProjectConfigurationPlatforms) = postSolution
		{A1142EB7-3E47-4E84-B91B-066205E88089}.Debug|Any CPU.ActiveCfg = Debug|Any CPU
		{A1142EB7-3E47-4E84-B91B-066205E88089}.Debug|Any CPU.Build.0 = Debug|Any CPU
		{A1142EB7-3E47-4E84-B91B-066205E88089}.Release|Any CPU.ActiveCfg = Release|Any CPU
		{A1142EB7-3E47-4E84-B91B-066205E88089}.Release|Any CPU.Build.0 = Release|Any CPU
	EndGlobalSection
	GlobalSection(SolutionProperties) = preSolution
		HideSolutionNode = FALSE
	EndGlobalSection
	GlobalSection(ExtensibilityGlobals) = postSolution
		SolutionGuid = {7C555A01-4BC9-43AA-AA05-6E02C649ECD7}
	EndGlobalSection
EndGlobal
